
Microsoft Visual Studio Solution File, Format Version 12.00
# Visual Studio Version 17
VisualStudioVersion = 17.10.35013.160
MinimumVisualStudioVersion = 10.0.40219.1
Project("{FAE04EC0-301F-11D3-BF4B-00C04F79EFBC}") = "AsistenteTikTok.Api", "AsistenteTikTok\AsistenteTikTok.Api.csproj", "{BA95C94C-4C59-48E8-A54B-DD2F8A8FB27E}"
EndProject
Project("{FAE04EC0-301F-11D3-BF4B-00C04F79EFBC}") = "AsistenteTikTok.Application", "AsistenteTikTok.Application\AsistenteTikTok.Application.csproj", "{60A5EAD2-1E06-41B2-B44D-FEADF5EA0040}"
EndProject
Project("{FAE04EC0-301F-11D3-BF4B-00C04F79EFBC}") = "AsistenteTikTok.Domain", "AsistenteTikTok.Domain\AsistenteTikTok.Domain.csproj", "{F589E30D-506C-4FD0-9380-46F3CE5E9411}"
EndProject
Project("{FAE04EC0-301F-11D3-BF4B-00C04F79EFBC}") = "AsistenteTikTok.Infrastructure", "AsistenteTikTok.Infrastructure\AsistenteTikTok.Infrastructure.csproj", "{D4694F44-B64D-4A3B-A98F-66C3F898239D}"
EndProject
Project("{FAE04EC0-301F-11D3-BF4B-00C04F79EFBC}") = "AsistenteTikTok.Shared", "AsistenteTikTok.Shared\AsistenteTikTok.Shared.csproj", "{ED89A9DA-47D7-44A9-91C6-E79FEACD3BD7}"
EndProject
Global
	GlobalSection(SolutionConfigurationPlatforms) = preSolution
		Debug|Any CPU = Debug|Any CPU
		Release|Any CPU = Release|Any CPU
	EndGlobalSection
	GlobalSection(ProjectConfigurationPlatforms) = postSolution
		{BA95C94C-4C59-48E8-A54B-DD2F8A8FB27E}.Debug|Any CPU.ActiveCfg = Debug|Any CPU
		{BA95C94C-4C59-48E8-A54B-DD2F8A8FB27E}.Debug|Any CPU.Build.0 = Debug|Any CPU
		{BA95C94C-4C59-48E8-A54B-DD2F8A8FB27E}.Release|Any CPU.ActiveCfg = Release|Any CPU
		{BA95C94C-4C59-48E8-A54B-DD2F8A8FB27E}.Release|Any CPU.Build.0 = Release|Any CPU
		{60A5EAD2-1E06-41B2-B44D-FEADF5EA0040}.Debug|Any CPU.ActiveCfg = Debug|Any CPU
		{60A5EAD2-1E06-41B2-B44D-FEADF5EA0040}.Debug|Any CPU.Build.0 = Debug|Any CPU
		{60A5EAD2-1E06-41B2-B44D-FEADF5EA0040}.Release|Any CPU.ActiveCfg = Release|Any CPU
		{60A5EAD2-1E06-41B2-B44D-FEADF5EA0040}.Release|Any CPU.Build.0 = Release|Any CPU
		{F589E30D-506C-4FD0-9380-46F3CE5E9411}.Debug|Any CPU.ActiveCfg = Debug|Any CPU
		{F589E30D-506C-4FD0-9380-46F3CE5E9411}.Debug|Any CPU.Build.0 = Debug|Any CPU
		{F589E30D-506C-4FD0-9380-46F3CE5E9411}.Release|Any CPU.ActiveCfg = Release|Any CPU
		{F589E30D-506C-4FD0-9380-46F3CE5E9411}.Release|Any CPU.Build.0 = Release|Any CPU
		{D4694F44-B64D-4A3B-A98F-66C3F898239D}.Debug|Any CPU.ActiveCfg = Debug|Any CPU
		{D4694F44-B64D-4A3B-A98F-66C3F898239D}.Debug|Any CPU.Build.0 = Debug|Any CPU
		{D4694F44-B64D-4A3B-A98F-66C3F898239D}.Release|Any CPU.ActiveCfg = Release|Any CPU
		{D4694F44-B64D-4A3B-A98F-66C3F898239D}.Release|Any CPU.Build.0 = Release|Any CPU
		{ED89A9DA-47D7-44A9-91C6-E79FEACD3BD7}.Debug|Any CPU.ActiveCfg = Debug|Any CPU
		{ED89A9DA-47D7-44A9-91C6-E79FEACD3BD7}.Debug|Any CPU.Build.0 = Debug|Any CPU
		{ED89A9DA-47D7-44A9-91C6-E79FEACD3BD7}.Release|Any CPU.ActiveCfg = Release|Any CPU
		{ED89A9DA-47D7-44A9-91C6-E79FEACD3BD7}.Release|Any CPU.Build.0 = Release|Any CPU
	EndGlobalSection
	GlobalSection(SolutionProperties) = preSolution
		HideSolutionNode = FALSE
	EndGlobalSection
	GlobalSection(ExtensibilityGlobals) = postSolution
		SolutionGuid = {6791F357-999A-489A-9751-A7B4F82DC778}
	EndGlobalSection
EndGlobal
